
Microsoft Visual Studio Solution File, Format Version 12.00
# Visual Studio Version 17
VisualStudioVersion = 17.1.32228.430
MinimumVisualStudioVersion = 10.0.40219.1
Project("{9A19103F-16F7-4668-BE54-9A1E7A4F7556}") = "CSharpRayTracer", "csharp_rt\CSharpRayTracer.csproj", "{C6064E49-C4D2-4447-B9C4-8076C6E53F58}"
EndProject
Project("{9A19103F-16F7-4668-BE54-9A1E7A4F7556}") = "RayTracerUnitTest", "RT_UT\RayTracerUnitTest.csproj", "{B4148318-F821-4F38-9CEC-F45F401DC574}"
EndProject
Project("{9A19103F-16F7-4668-BE54-9A1E7A4F7556}") = "ProjectileMotionProject", "Z9_Project_01\ProjectileMotionProject.csproj", "{8297BF7E-69D8-4054-A1BB-3E07113197EE}"
EndProject
Global
	GlobalSection(SolutionConfigurationPlatforms) = preSolution
		Debug|Any CPU = Debug|Any CPU
		Release|Any CPU = Release|Any CPU
	EndGlobalSection
	GlobalSection(ProjectConfigurationPlatforms) = postSolution
		{C6064E49-C4D2-4447-B9C4-8076C6E53F58}.Debug|Any CPU.ActiveCfg = Debug|Any CPU
		{C6064E49-C4D2-4447-B9C4-8076C6E53F58}.Debug|Any CPU.Build.0 = Debug|Any CPU
		{C6064E49-C4D2-4447-B9C4-8076C6E53F58}.Release|Any CPU.ActiveCfg = Release|Any CPU
		{C6064E49-C4D2-4447-B9C4-8076C6E53F58}.Release|Any CPU.Build.0 = Release|Any CPU
		{B4148318-F821-4F38-9CEC-F45F401DC574}.Debug|Any CPU.ActiveCfg = Debug|Any CPU
		{B4148318-F821-4F38-9CEC-F45F401DC574}.Debug|Any CPU.Build.0 = Debug|Any CPU
		{B4148318-F821-4F38-9CEC-F45F401DC574}.Release|Any CPU.ActiveCfg = Release|Any CPU
		{B4148318-F821-4F38-9CEC-F45F401DC574}.Release|Any CPU.Build.0 = Release|Any CPU
		{8297BF7E-69D8-4054-A1BB-3E07113197EE}.Debug|Any CPU.ActiveCfg = Debug|Any CPU
		{8297BF7E-69D8-4054-A1BB-3E07113197EE}.Debug|Any CPU.Build.0 = Debug|Any CPU
		{8297BF7E-69D8-4054-A1BB-3E07113197EE}.Release|Any CPU.ActiveCfg = Release|Any CPU
		{8297BF7E-69D8-4054-A1BB-3E07113197EE}.Release|Any CPU.Build.0 = Release|Any CPU
	EndGlobalSection
	GlobalSection(SolutionProperties) = preSolution
		HideSolutionNode = FALSE
	EndGlobalSection
	GlobalSection(ExtensibilityGlobals) = postSolution
		SolutionGuid = {7C1FFEDC-EF73-49B8-86D1-CF6B191C0D1D}
	EndGlobalSection
EndGlobal
